
Microsoft Visual Studio Solution File, Format Version 12.00
# Visual Studio 15
Project("{FAE04EC0-301F-11D3-BF4B-00C04F79EFBC}") = "Assembly-CSharp", "Assembly-CSharp.csproj", "{74933143-42E1-A2CC-7AF1-D1B534528515}"
EndProject
Project("{FAE04EC0-301F-11D3-BF4B-00C04F79EFBC}") = "Assembly-CSharp-Editor", "Assembly-CSharp-Editor.csproj", "{8F7669FC-B9F8-E997-1710-4C96AA861302}"
EndProject
Global
	GlobalSection(SolutionConfigurationPlatforms) = preSolution
		Debug|Any CPU = Debug|Any CPU
		Release|Any CPU = Release|Any CPU
	EndGlobalSection
	GlobalSection(ProjectConfigurationPlatforms) = postSolution
		{74933143-42E1-A2CC-7AF1-D1B534528515}.Debug|Any CPU.ActiveCfg = Debug|Any CPU
		{74933143-42E1-A2CC-7AF1-D1B534528515}.Debug|Any CPU.Build.0 = Debug|Any CPU
		{74933143-42E1-A2CC-7AF1-D1B534528515}.Release|Any CPU.ActiveCfg = Release|Any CPU
		{74933143-42E1-A2CC-7AF1-D1B534528515}.Release|Any CPU.Build.0 = Release|Any CPU
		{8F7669FC-B9F8-E997-1710-4C96AA861302}.Debug|Any CPU.ActiveCfg = Debug|Any CPU
		{8F7669FC-B9F8-E997-1710-4C96AA861302}.Debug|Any CPU.Build.0 = Debug|Any CPU
		{8F7669FC-B9F8-E997-1710-4C96AA861302}.Release|Any CPU.ActiveCfg = Release|Any CPU
		{8F7669FC-B9F8-E997-1710-4C96AA861302}.Release|Any CPU.Build.0 = Release|Any CPU
	EndGlobalSection
	GlobalSection(SolutionProperties) = preSolution
		HideSolutionNode = FALSE
	EndGlobalSection
EndGlobal
